lockfileVersion: '9.0'

settings:
  autoInstallPeers: true
  excludeLinksFromLockfile: false

importers:

  .:
    dependencies:
      '@gltf-transform/core':
        specifier: ^4.1.1
        version: 4.1.1
      bytes:
        specifier: ^3.1.2
        version: 3.1.2
    devDependencies:
      '@types/bytes':
        specifier: ^3.1.5
        version: 3.1.5

packages:

  '@gltf-transform/core@4.1.1':
    resolution: {integrity: sha512-KE93S9NcgjfFWlFxF+d5wHrurYZTccuYmATxjmLrv7JueyPQ6o4ReZQdBzfKL69vk3aUPsL7geB6j44DybVaGw==}

  '@types/bytes@3.1.5':
    resolution: {integrity: sha512-VgZkrJckypj85YxEsEavcMmmSOIzkUHqWmM4CCyia5dc54YwsXzJ5uT4fYxBQNEXx+oF1krlhgCbvfubXqZYsQ==}

  bytes@3.1.2:
    resolution: {integrity: sha512-/Nf7TyzTx6S3yRJObOAV7956r8cr2+Oj8AC5dt8wSP3BQAoeX58NoHyCU8P8zGkNXStjTSi6fzO6F0pBdcYbEg==}
    engines: {node: '>= 0.8'}

  property-graph@3.0.0:
    resolution: {integrity: sha512-TnzxUsttmGtw+OiU0LDw+0FlMbJ8vV8pOjyDI7+Kdni4Tj0hW5BFh7TatQu7Y68hcvvFmiFOHilKShsA4R82fA==}

snapshots:

  '@gltf-transform/core@4.1.1':
    dependencies:
      property-graph: 3.0.0

  '@types/bytes@3.1.5': {}

  bytes@3.1.2: {}

  property-graph@3.0.0: {}
